
Microsoft Visual Studio Solution File, Format Version 12.00
# Visual Studio Version 17
VisualStudioVersion = 17.14.36408.4
MinimumVisualStudioVersion = 10.0.40219.1
Project("{FAE04EC0-301F-11D3-BF4B-00C04F79EFBC}") = "BETTA", "BETTA.csproj", "{17D6B3F4-C6DB-440F-8375-484C33318E21}"
EndProject
Project("{888888A0-9F3D-457C-B088-3A5042F75D52}") = "BetfairService", "..\BetfairService\BetfairService.pyproj", "{5953C38B-9FE6-4318-9807-FFFC3E14F787}"
EndProject
Global
	GlobalSection(SolutionConfigurationPlatforms) = preSolution
		Debug|Any CPU = Debug|Any CPU
		Release|Any CPU = Release|Any CPU
	EndGlobalSection
	GlobalSection(ProjectConfigurationPlatforms) = postSolution
		{17D6B3F4-C6DB-440F-8375-484C33318E21}.Debug|Any CPU.ActiveCfg = Debug|Any CPU
		{17D6B3F4-C6DB-440F-8375-484C33318E21}.Debug|Any CPU.Build.0 = Debug|Any CPU
		{17D6B3F4-C6DB-440F-8375-484C33318E21}.Release|Any CPU.ActiveCfg = Release|Any CPU
		{17D6B3F4-C6DB-440F-8375-484C33318E21}.Release|Any CPU.Build.0 = Release|Any CPU
		{5953C38B-9FE6-4318-9807-FFFC3E14F787}.Debug|Any CPU.ActiveCfg = Debug|Any CPU
		{5953C38B-9FE6-4318-9807-FFFC3E14F787}.Release|Any CPU.ActiveCfg = Release|Any CPU
	EndGlobalSection
	GlobalSection(SolutionProperties) = preSolution
		HideSolutionNode = FALSE
	EndGlobalSection
	GlobalSection(ExtensibilityGlobals) = postSolution
		SolutionGuid = {5CF4AF4F-C429-486C-BCF1-A0A47292ECF2}
	EndGlobalSection
EndGlobal
